// !$*UTF8*$!
{
	archiveVersion = 1;
	classes = {
	};
	objectVersion = 56;
	objects = {

/* Begin PBXBuildFile section */
		AA0C87D92C7486D100C8A950 /* GoogleService-Info.plist in Resources */ = {isa = PBXBuildFile; fileRef = AA0C87D82C7486D100C8A950 /* GoogleService-Info.plist */; };
		AA0C87DB2C74D75B00C8A950 /* UglyCandidateViewController.swift in Sources */ = {isa = PBXBuildFile; fileRef = AA0C87DA2C74D75B00C8A950 /* UglyCandidateViewController.swift */; };
		AA64741B2C760EBC0079ECE0 /* RankingCalculatorViewController.swift in Sources */ = {isa = PBXBuildFile; fileRef = AA64741A2C760EBC0079ECE0 /* RankingCalculatorViewController.swift */; };
		AA6474222C7845050079ECE0 /* IntroUglyCandidateViewController.swift in Sources */ = {isa = PBXBuildFile; fileRef = AA6474212C7845050079ECE0 /* IntroUglyCandidateViewController.swift */; };
		AA6474252C7A35810079ECE0 /* EditProfileViewController.swift in Sources */ = {isa = PBXBuildFile; fileRef = AA6474242C7A35810079ECE0 /* EditProfileViewController.swift */; };
		AA6474272C7B092D0079ECE0 /* MainHomeViewModel.swift in Sources */ = {isa = PBXBuildFile; fileRef = AA6474262C7B092D0079ECE0 /* MainHomeViewModel.swift */; };
		AA6474292C7B11A90079ECE0 /* UglyCandidateViewModel.swift in Sources */ = {isa = PBXBuildFile; fileRef = AA6474282C7B11A90079ECE0 /* UglyCandidateViewModel.swift */; };
		AA64742B2C7B23600079ECE0 /* MainHomeUI.swift in Sources */ = {isa = PBXBuildFile; fileRef = AA64742A2C7B23600079ECE0 /* MainHomeUI.swift */; };
		AA64742D2C7B23C50079ECE0 /* MainHomeViewLayout.swift in Sources */ = {isa = PBXBuildFile; fileRef = AA64742C2C7B23C50079ECE0 /* MainHomeViewLayout.swift */; };
		AA64742F2C7B26FC0079ECE0 /* UglyCandidateUI.swift in Sources */ = {isa = PBXBuildFile; fileRef = AA64742E2C7B26FC0079ECE0 /* UglyCandidateUI.swift */; };
		AA6474322C7B275E0079ECE0 /* UglyCandidateLayout.swift in Sources */ = {isa = PBXBuildFile; fileRef = AA6474312C7B275E0079ECE0 /* UglyCandidateLayout.swift */; };
		AA6474342C7B29770079ECE0 /* GameViewAnimation.swift in Sources */ = {isa = PBXBuildFile; fileRef = AA6474332C7B29770079ECE0 /* GameViewAnimation.swift */; };
		AA6474362C7B29FB0079ECE0 /* GameViewServerLogic.swift in Sources */ = {isa = PBXBuildFile; fileRef = AA6474352C7B29FB0079ECE0 /* GameViewServerLogic.swift */; };
		AA6474382C7B2BE90079ECE0 /* GameViewLayout.swift in Sources */ = {isa = PBXBuildFile; fileRef = AA6474372C7B2BE90079ECE0 /* GameViewLayout.swift */; };
		AA64743A2C7B2FC20079ECE0 /* AllPostTableCellLayout.swift in Sources */ = {isa = PBXBuildFile; fileRef = AA6474392C7B2FC20079ECE0 /* AllPostTableCellLayout.swift */; };
		AA64743F2C7B372A0079ECE0 /* NewPostUI.swift in Sources */ = {isa = PBXBuildFile; fileRef = AA64743E2C7B372A0079ECE0 /* NewPostUI.swift */; };
		AA6474412C7B38EF0079ECE0 /* CreatePostViewModel.swift in Sources */ = {isa = PBXBuildFile; fileRef = AA6474402C7B38EF0079ECE0 /* CreatePostViewModel.swift */; };
		AA6474432C7B3E050079ECE0 /* CreatePostViewServerLogic.swift in Sources */ = {isa = PBXBuildFile; fileRef = AA6474422C7B3E050079ECE0 /* CreatePostViewServerLogic.swift */; };
		AA6474452C7B42D30079ECE0 /* exam.swift in Sources */ = {isa = PBXBuildFile; fileRef = AA6474442C7B42D30079ECE0 /* exam.swift */; };
		AA6474472C7B672A0079ECE0 /* EditProfileViewLayout.swift in Sources */ = {isa = PBXBuildFile; fileRef = AA6474462C7B672A0079ECE0 /* EditProfileViewLayout.swift */; };
		AA6474492C7B69BE0079ECE0 /* EditProfileUI.swift in Sources */ = {isa = PBXBuildFile; fileRef = AA6474482C7B69BE0079ECE0 /* EditProfileUI.swift */; };
		AA64744C2C7B7C630079ECE0 /* MyMapViewController.swift in Sources */ = {isa = PBXBuildFile; fileRef = AA64744B2C7B7C630079ECE0 /* MyMapViewController.swift */; };
		AA64744E2C7BA0B80079ECE0 /* LocationManager.swift in Sources */ = {isa = PBXBuildFile; fileRef = AA64744D2C7BA0B80079ECE0 /* LocationManager.swift */; };
		AA6474592C7C462F0079ECE0 /* FollowersViewController.swift in Sources */ = {isa = PBXBuildFile; fileRef = AA6474582C7C462E0079ECE0 /* FollowersViewController.swift */; };
		AA64745B2C7C467D0079ECE0 /* MyLikedPostsViewController.swift in Sources */ = {isa = PBXBuildFile; fileRef = AA64745A2C7C467D0079ECE0 /* MyLikedPostsViewController.swift */; };
		AA64745D2C7C46A50079ECE0 /* MyFollowingViewController.swift in Sources */ = {isa = PBXBuildFile; fileRef = AA64745C2C7C46A50079ECE0 /* MyFollowingViewController.swift */; };
		AA64745F2C7D430E0079ECE0 /* MyPostersViewController.swift in Sources */ = {isa = PBXBuildFile; fileRef = AA64745E2C7D430E0079ECE0 /* MyPostersViewController.swift */; };
		AA64747A2C7F18810079ECE0 /* TestPhoto.swift in Sources */ = {isa = PBXBuildFile; fileRef = AA6474792C7F18810079ECE0 /* TestPhoto.swift */; };
		AA64747C2C7F29B80079ECE0 /* CarouselViewController.swift in Sources */ = {isa = PBXBuildFile; fileRef = AA64747B2C7F29B80079ECE0 /* CarouselViewController.swift */; };
		AA6474802C7F343D0079ECE0 /* PayViewController.swift in Sources */ = {isa = PBXBuildFile; fileRef = AA64747F2C7F343D0079ECE0 /* PayViewController.swift */; };
		AA6474832C7F52370079ECE0 /* iamport-ios in Frameworks */ = {isa = PBXBuildFile; productRef = AA6474822C7F52370079ECE0 /* iamport-ios */; };
		AA6474852C7F67F00079ECE0 /* catPawprint.json in Resources */ = {isa = PBXBuildFile; fileRef = AA6474842C7F67F00079ECE0 /* catPawprint.json */; };
		AA6474922C80C5C90079ECE0 /* omyu pretty.ttf in Resources */ = {isa = PBXBuildFile; fileRef = AA6474912C80C5C90079ECE0 /* omyu pretty.ttf */; };
		AA6474942C80C6800079ECE0 /* CustomFonts.swift in Sources */ = {isa = PBXBuildFile; fileRef = AA6474932C80C6800079ECE0 /* CustomFonts.swift */; };
		AA6474962C81E1C90079ECE0 /* EditPostViewController.swift in Sources */ = {isa = PBXBuildFile; fileRef = AA6474952C81E1C90079ECE0 /* EditPostViewController.swift */; };
		AA6474982C829D960079ECE0 /* EditCommentViewController.swift in Sources */ = {isa = PBXBuildFile; fileRef = AA6474972C829D960079ECE0 /* EditCommentViewController.swift */; };
		AA64749A2C82AAA00079ECE0 /* DetailViewNetwork.swift in Sources */ = {isa = PBXBuildFile; fileRef = AA6474992C82AAA00079ECE0 /* DetailViewNetwork.swift */; };
		AA64749E2C82D77B0079ECE0 /* NameInputViewModel.swift in Sources */ = {isa = PBXBuildFile; fileRef = AA64749D2C82D77B0079ECE0 /* NameInputViewModel.swift */; };
		AA6474A02C82D7A70079ECE0 /* PasswordInputViewModel.swift in Sources */ = {isa = PBXBuildFile; fileRef = AA64749F2C82D7A70079ECE0 /* PasswordInputViewModel.swift */; };
		AA6474A32C82DD3B0079ECE0 /* PostCollectionViewCell.swift in Sources */ = {isa = PBXBuildFile; fileRef = AA6474A22C82DD3B0079ECE0 /* PostCollectionViewCell.swift */; };
		AA7272B52C6C967C007551C4 /* AppDelegate.swift in Sources */ = {isa = PBXBuildFile; fileRef = AA7272B42C6C967C007551C4 /* AppDelegate.swift */; };
		AA7272B72C6C967C007551C4 /* SceneDelegate.swift in Sources */ = {isa = PBXBuildFile; fileRef = AA7272B62C6C967C007551C4 /* SceneDelegate.swift */; };
		AA7272B92C6C967C007551C4 /* ViewController.swift in Sources */ = {isa = PBXBuildFile; fileRef = AA7272B82C6C967C007551C4 /* ViewController.swift */; };
		AA7272BC2C6C967C007551C4 /* Base in Resources */ = {isa = PBXBuildFile; fileRef = AA7272BB2C6C967C007551C4 /* Base */; };
		AA7272BE2C6C967E007551C4 /* Assets.xcassets in Resources */ = {isa = PBXBuildFile; fileRef = AA7272BD2C6C967E007551C4 /* Assets.xcassets */; };
		AA7272C12C6C967E007551C4 /* Base in Resources */ = {isa = PBXBuildFile; fileRef = AA7272C02C6C967E007551C4 /* Base */; };
		AA7272CA2C6C989D007551C4 /* AllPostHomeViewController.swift in Sources */ = {isa = PBXBuildFile; fileRef = AA7272C92C6C989D007551C4 /* AllPostHomeViewController.swift */; };
		AA7272CC2C6C98D6007551C4 /* TabBarController.swift in Sources */ = {isa = PBXBuildFile; fileRef = AA7272CB2C6C98D5007551C4 /* TabBarController.swift */; };
		AA7272CF2C6CA082007551C4 /* SnapKit in Frameworks */ = {isa = PBXBuildFile; productRef = AA7272CE2C6CA082007551C4 /* SnapKit */; };
		AA7272D22C6CA091007551C4 /* Alamofire in Frameworks */ = {isa = PBXBuildFile; productRef = AA7272D12C6CA091007551C4 /* Alamofire */; };
		AA7272D52C6CA099007551C4 /* Kingfisher in Frameworks */ = {isa = PBXBuildFile; productRef = AA7272D42C6CA099007551C4 /* Kingfisher */; };
		AA7272D82C6CA0B0007551C4 /* RxCocoa in Frameworks */ = {isa = PBXBuildFile; productRef = AA7272D72C6CA0B0007551C4 /* RxCocoa */; };
		AA7272DA2C6CA0B0007551C4 /* RxSwift in Frameworks */ = {isa = PBXBuildFile; productRef = AA7272D92C6CA0B0007551C4 /* RxSwift */; };
		AA7272DC2C6CE55B007551C4 /* DetailViewController.swift in Sources */ = {isa = PBXBuildFile; fileRef = AA7272DB2C6CE55B007551C4 /* DetailViewController.swift */; };
		AA7272DE2C6CEE21007551C4 /* CreatePostViewController.swift in Sources */ = {isa = PBXBuildFile; fileRef = AA7272DD2C6CEE21007551C4 /* CreatePostViewController.swift */; };
		AA7272E02C6D860E007551C4 /* .gitignore in Resources */ = {isa = PBXBuildFile; fileRef = AA7272DF2C6D860E007551C4 /* .gitignore */; };
		AA7272E22C6D861F007551C4 /* APIKey.swift in Sources */ = {isa = PBXBuildFile; fileRef = AA7272E12C6D861F007551C4 /* APIKey.swift */; };
		AA7272E52C6DC7E2007551C4 /* CommentTableViewCell.swift in Sources */ = {isa = PBXBuildFile; fileRef = AA7272E42C6DC7E2007551C4 /* CommentTableViewCell.swift */; };
		AA7272E72C6DC83B007551C4 /* DetailPhotoCollectionViewCell.swift in Sources */ = {isa = PBXBuildFile; fileRef = AA7272E62C6DC83B007551C4 /* DetailPhotoCollectionViewCell.swift */; };
		AA7272EA2C6DD8E9007551C4 /* MainHomeViewController.swift in Sources */ = {isa = PBXBuildFile; fileRef = AA7272E92C6DD8E9007551C4 /* MainHomeViewController.swift */; };
		AA7272EC2C6DECD6007551C4 /* GameViewController.swift in Sources */ = {isa = PBXBuildFile; fileRef = AA7272EB2C6DECD6007551C4 /* GameViewController.swift */; };
		AA7272EE2C6E637A007551C4 /* BaseGameView.swift in Sources */ = {isa = PBXBuildFile; fileRef = AA7272ED2C6E637A007551C4 /* BaseGameView.swift */; };
		AA7272F02C6F3C15007551C4 /* CustomColors.swift in Sources */ = {isa = PBXBuildFile; fileRef = AA7272EF2C6F3C15007551C4 /* CustomColors.swift */; };
		AA7272F22C6F82E2007551C4 /* LightEffectAnimation.json in Resources */ = {isa = PBXBuildFile; fileRef = AA7272F12C6F82E1007551C4 /* LightEffectAnimation.json */; };
		AA7272F52C6F8389007551C4 /* Lottie in Frameworks */ = {isa = PBXBuildFile; productRef = AA7272F42C6F8389007551C4 /* Lottie */; };
		AA7272F82C6F8668007551C4 /* PinkLightEffect.json in Resources */ = {isa = PBXBuildFile; fileRef = AA7272F72C6F8668007551C4 /* PinkLightEffect.json */; };
		AA7272FA2C6F923F007551C4 /* yellowani.json in Resources */ = {isa = PBXBuildFile; fileRef = AA7272F92C6F923F007551C4 /* yellowani.json */; };
		AA7272FC2C6F975D007551C4 /* Congratulation.json in Resources */ = {isa = PBXBuildFile; fileRef = AA7272FB2C6F975D007551C4 /* Congratulation.json */; };
		AA7272FE2C6FA138007551C4 /* BaseDetailView.swift in Sources */ = {isa = PBXBuildFile; fileRef = AA7272FD2C6FA138007551C4 /* BaseDetailView.swift */; };
		AA7273002C6FAD75007551C4 /* DeepPhotoViewController.swift in Sources */ = {isa = PBXBuildFile; fileRef = AA7272FF2C6FAD75007551C4 /* DeepPhotoViewController.swift */; };
		AA7273032C70287B007551C4 /* AnimationZip.swift in Sources */ = {isa = PBXBuildFile; fileRef = AA7273022C70287B007551C4 /* AnimationZip.swift */; };
		AA7273052C70403D007551C4 /* IndexMenuCollectionCell.swift in Sources */ = {isa = PBXBuildFile; fileRef = AA7273042C70403D007551C4 /* IndexMenuCollectionCell.swift */; };
		AA72731B2C7078D9007551C4 /* arrowup.json in Resources */ = {isa = PBXBuildFile; fileRef = AA72731A2C7078D8007551C4 /* arrowup.json */; };
		AA72731D2C70880C007551C4 /* AllPostTableViewCell.swift in Sources */ = {isa = PBXBuildFile; fileRef = AA72731C2C70880C007551C4 /* AllPostTableViewCell.swift */; };
		AA7273202C70E03A007551C4 /* IQKeyboardManagerSwift in Frameworks */ = {isa = PBXBuildFile; productRef = AA72731F2C70E03A007551C4 /* IQKeyboardManagerSwift */; };
		AA7273232C70F8AC007551C4 /* LoginViewController.swift in Sources */ = {isa = PBXBuildFile; fileRef = AA7273222C70F8AC007551C4 /* LoginViewController.swift */; };
		AA7273252C70FB7E007551C4 /* BirthdayInputViewController.swift in Sources */ = {isa = PBXBuildFile; fileRef = AA7273242C70FB7E007551C4 /* BirthdayInputViewController.swift */; };
		AA7273272C70FC0A007551C4 /* NameInputViewController.swift in Sources */ = {isa = PBXBuildFile; fileRef = AA7273262C70FC0A007551C4 /* NameInputViewController.swift */; };
		AA7273292C70FCA4007551C4 /* EmailInputViewController.swift in Sources */ = {isa = PBXBuildFile; fileRef = AA7273282C70FCA4007551C4 /* EmailInputViewController.swift */; };
		AA72732C2C70FD18007551C4 /* PasswordInputViewController.swift in Sources */ = {isa = PBXBuildFile; fileRef = AA72732B2C70FD18007551C4 /* PasswordInputViewController.swift */; };
		AA72732E2C70FD85007551C4 /* PhoneNumberInputViewController.swift in Sources */ = {isa = PBXBuildFile; fileRef = AA72732D2C70FD85007551C4 /* PhoneNumberInputViewController.swift */; };
		AA7273322C71B3C1007551C4 /* WelcomeViewController.swift in Sources */ = {isa = PBXBuildFile; fileRef = AA7273312C71B3C1007551C4 /* WelcomeViewController.swift */; };
		AA7273342C71B8AC007551C4 /* Protocol.swift in Sources */ = {isa = PBXBuildFile; fileRef = AA7273332C71B8AC007551C4 /* Protocol.swift */; };
		AA7273362C71B8FD007551C4 /* SetupScene.swift in Sources */ = {isa = PBXBuildFile; fileRef = AA7273352C71B8FD007551C4 /* SetupScene.swift */; };
		AA7273482C71CC5D007551C4 /* LoginModel.swift in Sources */ = {isa = PBXBuildFile; fileRef = AA7273442C71CC5D007551C4 /* LoginModel.swift */; };
		AA7273492C71CC5D007551C4 /* ProfileModel.swift in Sources */ = {isa = PBXBuildFile; fileRef = AA7273452C71CC5D007551C4 /* ProfileModel.swift */; };
		AA72734A2C71CC5D007551C4 /* RefreshModel.swift in Sources */ = {isa = PBXBuildFile; fileRef = AA7273462C71CC5D007551C4 /* RefreshModel.swift */; };
		AA72734D2C71CC6E007551C4 /* Query.swift in Sources */ = {isa = PBXBuildFile; fileRef = AA72734B2C71CC6E007551C4 /* Query.swift */; };
		AA7273542C71D032007551C4 /* Header.swift in Sources */ = {isa = PBXBuildFile; fileRef = AA72734E2C71D032007551C4 /* Header.swift */; };
		AA7273552C71D032007551C4 /* NetworkManager.swift in Sources */ = {isa = PBXBuildFile; fileRef = AA72734F2C71D032007551C4 /* NetworkManager.swift */; };
		AA7273572C71D032007551C4 /* TargetType.swift in Sources */ = {isa = PBXBuildFile; fileRef = AA7273512C71D032007551C4 /* TargetType.swift */; };
		AA7273582C71D032007551C4 /* UserDefaultsManager.swift in Sources */ = {isa = PBXBuildFile; fileRef = AA7273522C71D032007551C4 /* UserDefaultsManager.swift */; };
		AA72735A2C71DA95007551C4 /* CreatePostViewLayout.swift in Sources */ = {isa = PBXBuildFile; fileRef = AA7273592C71DA95007551C4 /* CreatePostViewLayout.swift */; };
		AA7273672C71FFB7007551C4 /* MyLoginNetworkManager.swift in Sources */ = {isa = PBXBuildFile; fileRef = AA7273662C71FFB7007551C4 /* MyLoginNetworkManager.swift */; };
		AA7273692C720420007551C4 /* Router.swift in Sources */ = {isa = PBXBuildFile; fileRef = AA7273682C720420007551C4 /* Router.swift */; };
		AA72736B2C72CDB8007551C4 /* PostNetworkManager.swift in Sources */ = {isa = PBXBuildFile; fileRef = AA72736A2C72CDB7007551C4 /* PostNetworkManager.swift */; };
		AA7273772C72DBC3007551C4 /* FirebaseAnalyticsWithoutAdIdSupport in Frameworks */ = {isa = PBXBuildFile; productRef = AA7273762C72DBC3007551C4 /* FirebaseAnalyticsWithoutAdIdSupport */; };
		AA7273792C72DBC3007551C4 /* FirebaseCrashlytics in Frameworks */ = {isa = PBXBuildFile; productRef = AA7273782C72DBC3007551C4 /* FirebaseCrashlytics */; };
		AA7273802C7397BE007551C4 /* DashboardViewController.swift in Sources */ = {isa = PBXBuildFile; fileRef = AA72737F2C7397BE007551C4 /* DashboardViewController.swift */; };
		AA7273822C73A4D7007551C4 /* RankCollectionViewCell.swift in Sources */ = {isa = PBXBuildFile; fileRef = AA7273812C73A4D7007551C4 /* RankCollectionViewCell.swift */; };
		AA7273842C73A4F6007551C4 /* MyBuddyCardCollectionViewCell.swift in Sources */ = {isa = PBXBuildFile; fileRef = AA7273832C73A4F6007551C4 /* MyBuddyCardCollectionViewCell.swift */; };
/* End PBXBuildFile section */

/* Begin PBXFileReference section */
		AA0C87D82C7486D100C8A950 /* GoogleService-Info.plist */ = {isa = PBXFileReference; fileEncoding = 4; lastKnownFileType = text.plist.xml; path = "GoogleService-Info.plist"; sourceTree = "<group>"; };
		AA0C87DA2C74D75B00C8A950 /* UglyCandidateViewController.swift */ = {isa = PBXFileReference; lastKnownFileType = sourcecode.swift; path = UglyCandidateViewController.swift; sourceTree = "<group>"; };
		AA64741A2C760EBC0079ECE0 /* RankingCalculatorViewController.swift */ = {isa = PBXFileReference; lastKnownFileType = sourcecode.swift; path = RankingCalculatorViewController.swift; sourceTree = "<group>"; };
		AA6474212C7845050079ECE0 /* IntroUglyCandidateViewController.swift */ = {isa = PBXFileReference; lastKnownFileType = sourcecode.swift; path = IntroUglyCandidateViewController.swift; sourceTree = "<group>"; };
		AA6474242C7A35810079ECE0 /* EditProfileViewController.swift */ = {isa = PBXFileReference; lastKnownFileType = sourcecode.swift; path = EditProfileViewController.swift; sourceTree = "<group>"; };
		AA6474262C7B092D0079ECE0 /* MainHomeViewModel.swift */ = {isa = PBXFileReference; lastKnownFileType = sourcecode.swift; path = MainHomeViewModel.swift; sourceTree = "<group>"; };
		AA6474282C7B11A90079ECE0 /* UglyCandidateViewModel.swift */ = {isa = PBXFileReference; lastKnownFileType = sourcecode.swift; path = UglyCandidateViewModel.swift; sourceTree = "<group>"; };
		AA64742A2C7B23600079ECE0 /* MainHomeUI.swift */ = {isa = PBXFileReference; lastKnownFileType = sourcecode.swift; path = MainHomeUI.swift; sourceTree = "<group>"; };
		AA64742C2C7B23C50079ECE0 /* MainHomeViewLayout.swift */ = {isa = PBXFileReference; lastKnownFileType = sourcecode.swift; path = MainHomeViewLayout.swift; sourceTree = "<group>"; };
		AA64742E2C7B26FC0079ECE0 /* UglyCandidateUI.swift */ = {isa = PBXFileReference; lastKnownFileType = sourcecode.swift; path = UglyCandidateUI.swift; sourceTree = "<group>"; };
		AA6474312C7B275E0079ECE0 /* UglyCandidateLayout.swift */ = {isa = PBXFileReference; lastKnownFileType = sourcecode.swift; path = UglyCandidateLayout.swift; sourceTree = "<group>"; };
		AA6474332C7B29770079ECE0 /* GameViewAnimation.swift */ = {isa = PBXFileReference; lastKnownFileType = sourcecode.swift; path = GameViewAnimation.swift; sourceTree = "<group>"; };
		AA6474352C7B29FB0079ECE0 /* GameViewServerLogic.swift */ = {isa = PBXFileReference; lastKnownFileType = sourcecode.swift; path = GameViewServerLogic.swift; sourceTree = "<group>"; };
		AA6474372C7B2BE90079ECE0 /* GameViewLayout.swift */ = {isa = PBXFileReference; lastKnownFileType = sourcecode.swift; path = GameViewLayout.swift; sourceTree = "<group>"; };
		AA6474392C7B2FC20079ECE0 /* AllPostTableCellLayout.swift */ = {isa = PBXFileReference; lastKnownFileType = sourcecode.swift; path = AllPostTableCellLayout.swift; sourceTree = "<group>"; };
		AA64743E2C7B372A0079ECE0 /* NewPostUI.swift */ = {isa = PBXFileReference; lastKnownFileType = sourcecode.swift; path = NewPostUI.swift; sourceTree = "<group>"; };
		AA6474402C7B38EF0079ECE0 /* CreatePostViewModel.swift */ = {isa = PBXFileReference; lastKnownFileType = sourcecode.swift; path = CreatePostViewModel.swift; sourceTree = "<group>"; };
		AA6474422C7B3E050079ECE0 /* CreatePostViewServerLogic.swift */ = {isa = PBXFileReference; lastKnownFileType = sourcecode.swift; path = CreatePostViewServerLogic.swift; sourceTree = "<group>"; };
		AA6474442C7B42D30079ECE0 /* exam.swift */ = {isa = PBXFileReference; lastKnownFileType = sourcecode.swift; path = exam.swift; sourceTree = "<group>"; };
		AA6474462C7B672A0079ECE0 /* EditProfileViewLayout.swift */ = {isa = PBXFileReference; lastKnownFileType = sourcecode.swift; path = EditProfileViewLayout.swift; sourceTree = "<group>"; };
		AA6474482C7B69BE0079ECE0 /* EditProfileUI.swift */ = {isa = PBXFileReference; lastKnownFileType = sourcecode.swift; path = EditProfileUI.swift; sourceTree = "<group>"; };
		AA64744B2C7B7C630079ECE0 /* MyMapViewController.swift */ = {isa = PBXFileReference; lastKnownFileType = sourcecode.swift; path = MyMapViewController.swift; sourceTree = "<group>"; };
		AA64744D2C7BA0B80079ECE0 /* LocationManager.swift */ = {isa = PBXFileReference; lastKnownFileType = sourcecode.swift; path = LocationManager.swift; sourceTree = "<group>"; };
		AA6474582C7C462E0079ECE0 /* FollowersViewController.swift */ = {isa = PBXFileReference; lastKnownFileType = sourcecode.swift; path = FollowersViewController.swift; sourceTree = "<group>"; };
		AA64745A2C7C467D0079ECE0 /* MyLikedPostsViewController.swift */ = {isa = PBXFileReference; lastKnownFileType = sourcecode.swift; path = MyLikedPostsViewController.swift; sourceTree = "<group>"; };
		AA64745C2C7C46A50079ECE0 /* MyFollowingViewController.swift */ = {isa = PBXFileReference; lastKnownFileType = sourcecode.swift; path = MyFollowingViewController.swift; sourceTree = "<group>"; };
		AA64745E2C7D430E0079ECE0 /* MyPostersViewController.swift */ = {isa = PBXFileReference; lastKnownFileType = sourcecode.swift; path = MyPostersViewController.swift; sourceTree = "<group>"; };
		AA6474792C7F18810079ECE0 /* TestPhoto.swift */ = {isa = PBXFileReference; lastKnownFileType = sourcecode.swift; path = TestPhoto.swift; sourceTree = "<group>"; };
		AA64747B2C7F29B80079ECE0 /* CarouselViewController.swift */ = {isa = PBXFileReference; lastKnownFileType = sourcecode.swift; path = CarouselViewController.swift; sourceTree = "<group>"; };
		AA64747F2C7F343D0079ECE0 /* PayViewController.swift */ = {isa = PBXFileReference; lastKnownFileType = sourcecode.swift; path = PayViewController.swift; sourceTree = "<group>"; };
		AA6474842C7F67F00079ECE0 /* catPawprint.json */ = {isa = PBXFileReference; fileEncoding = 4; lastKnownFileType = text.json; path = catPawprint.json; sourceTree = "<group>"; };
		AA6474912C80C5C90079ECE0 /* omyu pretty.ttf */ = {isa = PBXFileReference; lastKnownFileType = file; path = "omyu pretty.ttf"; sourceTree = "<group>"; };
		AA6474932C80C6800079ECE0 /* CustomFonts.swift */ = {isa = PBXFileReference; lastKnownFileType = sourcecode.swift; path = CustomFonts.swift; sourceTree = "<group>"; };
		AA6474952C81E1C90079ECE0 /* EditPostViewController.swift */ = {isa = PBXFileReference; lastKnownFileType = sourcecode.swift; path = EditPostViewController.swift; sourceTree = "<group>"; };
		AA6474972C829D960079ECE0 /* EditCommentViewController.swift */ = {isa = PBXFileReference; lastKnownFileType = sourcecode.swift; path = EditCommentViewController.swift; sourceTree = "<group>"; };
		AA6474992C82AAA00079ECE0 /* DetailViewNetwork.swift */ = {isa = PBXFileReference; lastKnownFileType = sourcecode.swift; path = DetailViewNetwork.swift; sourceTree = "<group>"; };
		AA64749D2C82D77B0079ECE0 /* NameInputViewModel.swift */ = {isa = PBXFileReference; lastKnownFileType = sourcecode.swift; path = NameInputViewModel.swift; sourceTree = "<group>"; };
		AA64749F2C82D7A70079ECE0 /* PasswordInputViewModel.swift */ = {isa = PBXFileReference; lastKnownFileType = sourcecode.swift; path = PasswordInputViewModel.swift; sourceTree = "<group>"; };
		AA6474A22C82DD3B0079ECE0 /* PostCollectionViewCell.swift */ = {isa = PBXFileReference; lastKnownFileType = sourcecode.swift; path = PostCollectionViewCell.swift; sourceTree = "<group>"; };
		AA7272B12C6C967C007551C4 /* MyUglyPet.app */ = {isa = PBXFileReference; explicitFileType = wrapper.application; includeInIndex = 0; path = MyUglyPet.app; sourceTree = BUILT_PRODUCTS_DIR; };
		AA7272B42C6C967C007551C4 /* AppDelegate.swift */ = {isa = PBXFileReference; lastKnownFileType = sourcecode.swift; path = AppDelegate.swift; sourceTree = "<group>"; };
		AA7272B62C6C967C007551C4 /* SceneDelegate.swift */ = {isa = PBXFileReference; lastKnownFileType = sourcecode.swift; path = SceneDelegate.swift; sourceTree = "<group>"; };
		AA7272B82C6C967C007551C4 /* ViewController.swift */ = {isa = PBXFileReference; lastKnownFileType = sourcecode.swift; path = ViewController.swift; sourceTree = "<group>"; };
		AA7272BB2C6C967C007551C4 /* Base */ = {isa = PBXFileReference; lastKnownFileType = file.storyboard; name = Base; path = Base.lproj/Main.storyboard; sourceTree = "<group>"; };
		AA7272BD2C6C967E007551C4 /* Assets.xcassets */ = {isa = PBXFileReference; lastKnownFileType = folder.assetcatalog; path = Assets.xcassets; sourceTree = "<group>"; };
		AA7272C02C6C967E007551C4 /* Base */ = {isa = PBXFileReference; lastKnownFileType = file.storyboard; name = Base; path = Base.lproj/LaunchScreen.storyboard; sourceTree = "<group>"; };
		AA7272C22C6C967E007551C4 /* Info.plist */ = {isa = PBXFileReference; lastKnownFileType = text.plist.xml; path = Info.plist; sourceTree = "<group>"; };
		AA7272C92C6C989D007551C4 /* AllPostHomeViewController.swift */ = {isa = PBXFileReference; lastKnownFileType = sourcecode.swift; path = AllPostHomeViewController.swift; sourceTree = "<group>"; };
		AA7272CB2C6C98D5007551C4 /* TabBarController.swift */ = {isa = PBXFileReference; fileEncoding = 4; lastKnownFileType = sourcecode.swift; path = TabBarController.swift; sourceTree = "<group>"; };
		AA7272DB2C6CE55B007551C4 /* DetailViewController.swift */ = {isa = PBXFileReference; lastKnownFileType = sourcecode.swift; path = DetailViewController.swift; sourceTree = "<group>"; };
		AA7272DD2C6CEE21007551C4 /* CreatePostViewController.swift */ = {isa = PBXFileReference; lastKnownFileType = sourcecode.swift; path = CreatePostViewController.swift; sourceTree = "<group>"; };
		AA7272DF2C6D860E007551C4 /* .gitignore */ = {isa = PBXFileReference; fileEncoding = 4; lastKnownFileType = text; path = .gitignore; sourceTree = "<group>"; };
		AA7272E12C6D861F007551C4 /* APIKey.swift */ = {isa = PBXFileReference; lastKnownFileType = sourcecode.swift; path = APIKey.swift; sourceTree = "<group>"; };
		AA7272E42C6DC7E2007551C4 /* CommentTableViewCell.swift */ = {isa = PBXFileReference; lastKnownFileType = sourcecode.swift; path = CommentTableViewCell.swift; sourceTree = "<group>"; };
		AA7272E62C6DC83B007551C4 /* DetailPhotoCollectionViewCell.swift */ = {isa = PBXFileReference; lastKnownFileType = sourcecode.swift; path = DetailPhotoCollectionViewCell.swift; sourceTree = "<group>"; };
		AA7272E92C6DD8E9007551C4 /* MainHomeViewController.swift */ = {isa = PBXFileReference; lastKnownFileType = sourcecode.swift; path = MainHomeViewController.swift; sourceTree = "<group>"; };
		AA7272EB2C6DECD6007551C4 /* GameViewController.swift */ = {isa = PBXFileReference; lastKnownFileType = sourcecode.swift; path = GameViewController.swift; sourceTree = "<group>"; };
		AA7272ED2C6E637A007551C4 /* BaseGameView.swift */ = {isa = PBXFileReference; lastKnownFileType = sourcecode.swift; path = BaseGameView.swift; sourceTree = "<group>"; };
		AA7272EF2C6F3C15007551C4 /* CustomColors.swift */ = {isa = PBXFileReference; lastKnownFileType = sourcecode.swift; path = CustomColors.swift; sourceTree = "<group>"; };
		AA7272F12C6F82E1007551C4 /* LightEffectAnimation.json */ = {isa = PBXFileReference; fileEncoding = 4; lastKnownFileType = text.json; path = LightEffectAnimation.json; sourceTree = "<group>"; };
		AA7272F72C6F8668007551C4 /* PinkLightEffect.json */ = {isa = PBXFileReference; fileEncoding = 4; lastKnownFileType = text.json; path = PinkLightEffect.json; sourceTree = "<group>"; };
		AA7272F92C6F923F007551C4 /* yellowani.json */ = {isa = PBXFileReference; fileEncoding = 4; lastKnownFileType = text.json; path = yellowani.json; sourceTree = "<group>"; };
		AA7272FB2C6F975D007551C4 /* Congratulation.json */ = {isa = PBXFileReference; fileEncoding = 4; lastKnownFileType = text.json; path = Congratulation.json; sourceTree = "<group>"; };
		AA7272FD2C6FA138007551C4 /* BaseDetailView.swift */ = {isa = PBXFileReference; lastKnownFileType = sourcecode.swift; path = BaseDetailView.swift; sourceTree = "<group>"; };
		AA7272FF2C6FAD75007551C4 /* DeepPhotoViewController.swift */ = {isa = PBXFileReference; lastKnownFileType = sourcecode.swift; path = DeepPhotoViewController.swift; sourceTree = "<group>"; };
		AA7273022C70287B007551C4 /* AnimationZip.swift */ = {isa = PBXFileReference; lastKnownFileType = sourcecode.swift; path = AnimationZip.swift; sourceTree = "<group>"; };
		AA7273042C70403D007551C4 /* IndexMenuCollectionCell.swift */ = {isa = PBXFileReference; lastKnownFileType = sourcecode.swift; path = IndexMenuCollectionCell.swift; sourceTree = "<group>"; };
		AA72731A2C7078D8007551C4 /* arrowup.json */ = {isa = PBXFileReference; fileEncoding = 4; lastKnownFileType = text.json; path = arrowup.json; sourceTree = "<group>"; };
		AA72731C2C70880C007551C4 /* AllPostTableViewCell.swift */ = {isa = PBXFileReference; lastKnownFileType = sourcecode.swift; path = AllPostTableViewCell.swift; sourceTree = "<group>"; };
		AA7273222C70F8AC007551C4 /* LoginViewController.swift */ = {isa = PBXFileReference; lastKnownFileType = sourcecode.swift; path = LoginViewController.swift; sourceTree = "<group>"; };
		AA7273242C70FB7E007551C4 /* BirthdayInputViewController.swift */ = {isa = PBXFileReference; lastKnownFileType = sourcecode.swift; path = BirthdayInputViewController.swift; sourceTree = "<group>"; };
		AA7273262C70FC0A007551C4 /* NameInputViewController.swift */ = {isa = PBXFileReference; lastKnownFileType = sourcecode.swift; path = NameInputViewController.swift; sourceTree = "<group>"; };
		AA7273282C70FCA4007551C4 /* EmailInputViewController.swift */ = {isa = PBXFileReference; lastKnownFileType = sourcecode.swift; path = EmailInputViewController.swift; sourceTree = "<group>"; };
		AA72732B2C70FD18007551C4 /* PasswordInputViewController.swift */ = {isa = PBXFileReference; lastKnownFileType = sourcecode.swift; path = PasswordInputViewController.swift; sourceTree = "<group>"; };
		AA72732D2C70FD85007551C4 /* PhoneNumberInputViewController.swift */ = {isa = PBXFileReference; lastKnownFileType = sourcecode.swift; path = PhoneNumberInputViewController.swift; sourceTree = "<group>"; };
		AA7273312C71B3C1007551C4 /* WelcomeViewController.swift */ = {isa = PBXFileReference; lastKnownFileType = sourcecode.swift; path = WelcomeViewController.swift; sourceTree = "<group>"; };
		AA7273332C71B8AC007551C4 /* Protocol.swift */ = {isa = PBXFileReference; lastKnownFileType = sourcecode.swift; path = Protocol.swift; sourceTree = "<group>"; };
		AA7273352C71B8FD007551C4 /* SetupScene.swift */ = {isa = PBXFileReference; lastKnownFileType = sourcecode.swift; path = SetupScene.swift; sourceTree = "<group>"; };
		AA7273442C71CC5D007551C4 /* LoginModel.swift */ = {isa = PBXFileReference; fileEncoding = 4; lastKnownFileType = sourcecode.swift; path = LoginModel.swift; sourceTree = "<group>"; };
		AA7273452C71CC5D007551C4 /* ProfileModel.swift */ = {isa = PBXFileReference; fileEncoding = 4; lastKnownFileType = sourcecode.swift; path = ProfileModel.swift; sourceTree = "<group>"; };
		AA7273462C71CC5D007551C4 /* RefreshModel.swift */ = {isa = PBXFileReference; fileEncoding = 4; lastKnownFileType = sourcecode.swift; path = RefreshModel.swift; sourceTree = "<group>"; };
		AA72734B2C71CC6E007551C4 /* Query.swift */ = {isa = PBXFileReference; fileEncoding = 4; lastKnownFileType = sourcecode.swift; path = Query.swift; sourceTree = "<group>"; };
		AA72734E2C71D032007551C4 /* Header.swift */ = {isa = PBXFileReference; fileEncoding = 4; lastKnownFileType = sourcecode.swift; path = Header.swift; sourceTree = "<group>"; };
		AA72734F2C71D032007551C4 /* NetworkManager.swift */ = {isa = PBXFileReference; fileEncoding = 4; lastKnownFileType = sourcecode.swift; path = NetworkManager.swift; sourceTree = "<group>"; };
		AA7273512C71D032007551C4 /* TargetType.swift */ = {isa = PBXFileReference; fileEncoding = 4; lastKnownFileType = sourcecode.swift; path = TargetType.swift; sourceTree = "<group>"; };
		AA7273522C71D032007551C4 /* UserDefaultsManager.swift */ = {isa = PBXFileReference; fileEncoding = 4; lastKnownFileType = sourcecode.swift; path = UserDefaultsManager.swift; sourceTree = "<group>"; };
		AA7273592C71DA95007551C4 /* CreatePostViewLayout.swift */ = {isa = PBXFileReference; lastKnownFileType = sourcecode.swift; path = CreatePostViewLayout.swift; sourceTree = "<group>"; };
		AA7273662C71FFB7007551C4 /* MyLoginNetworkManager.swift */ = {isa = PBXFileReference; lastKnownFileType = sourcecode.swift; path = MyLoginNetworkManager.swift; sourceTree = "<group>"; };
		AA7273682C720420007551C4 /* Router.swift */ = {isa = PBXFileReference; lastKnownFileType = sourcecode.swift; path = Router.swift; sourceTree = "<group>"; };
		AA72736A2C72CDB7007551C4 /* PostNetworkManager.swift */ = {isa = PBXFileReference; lastKnownFileType = sourcecode.swift; path = PostNetworkManager.swift; sourceTree = "<group>"; };
		AA72737F2C7397BE007551C4 /* DashboardViewController.swift */ = {isa = PBXFileReference; lastKnownFileType = sourcecode.swift; path = DashboardViewController.swift; sourceTree = "<group>"; };
		AA7273812C73A4D7007551C4 /* RankCollectionViewCell.swift */ = {isa = PBXFileReference; lastKnownFileType = sourcecode.swift; path = RankCollectionViewCell.swift; sourceTree = "<group>"; };
		AA7273832C73A4F6007551C4 /* MyBuddyCardCollectionViewCell.swift */ = {isa = PBXFileReference; lastKnownFileType = sourcecode.swift; path = MyBuddyCardCollectionViewCell.swift; sourceTree = "<group>"; };
/* End PBXFileReference section */

/* Begin PBXFrameworksBuildPhase section */
		AA7272AE2C6C967C007551C4 /* Frameworks */ = {
			isa = PBXFrameworksBuildPhase;
			buildActionMask = 2147483647;
			files = (
				AA7273202C70E03A007551C4 /* IQKeyboardManagerSwift in Frameworks */,
				AA7272D52C6CA099007551C4 /* Kingfisher in Frameworks */,
				AA7272CF2C6CA082007551C4 /* SnapKit in Frameworks */,
				AA7272DA2C6CA0B0007551C4 /* RxSwift in Frameworks */,
				AA7272D82C6CA0B0007551C4 /* RxCocoa in Frameworks */,
				AA6474832C7F52370079ECE0 /* iamport-ios in Frameworks */,
				AA7272D22C6CA091007551C4 /* Alamofire in Frameworks */,
				AA7273792C72DBC3007551C4 /* FirebaseCrashlytics in Frameworks */,
				AA7272F52C6F8389007551C4 /* Lottie in Frameworks */,
				AA7273772C72DBC3007551C4 /* FirebaseAnalyticsWithoutAdIdSupport in Frameworks */,
			);
			runOnlyForDeploymentPostprocessing = 0;
		};
/* End PBXFrameworksBuildPhase section */

/* Begin PBXGroup section */
		AA6474232C7A35650079ECE0 /* EditProfile */ = {
			isa = PBXGroup;
			children = (
				AA6474572C7C46050079ECE0 /* MyFollersPost */,
				AA6474242C7A35810079ECE0 /* EditProfileViewController.swift */,
				AA6474462C7B672A0079ECE0 /* EditProfileViewLayout.swift */,
				AA6474482C7B69BE0079ECE0 /* EditProfileUI.swift */,
				AA6474442C7B42D30079ECE0 /* exam.swift */,
			);
			path = EditProfile;
			sourceTree = "<group>";
		};
		AA6474302C7B27260079ECE0 /* UglyCandidateView */ = {
			isa = PBXGroup;
			children = (
				AA0C87DA2C74D75B00C8A950 /* UglyCandidateViewController.swift */,
				AA6474282C7B11A90079ECE0 /* UglyCandidateViewModel.swift */,
				AA64742E2C7B26FC0079ECE0 /* UglyCandidateUI.swift */,
				AA6474312C7B275E0079ECE0 /* UglyCandidateLayout.swift */,
			);
			path = UglyCandidateView;
			sourceTree = "<group>";
		};
		AA64743B2C7B31120079ECE0 /* Cell */ = {
			isa = PBXGroup;
			children = (
				AA72731C2C70880C007551C4 /* AllPostTableViewCell.swift */,
				AA6474392C7B2FC20079ECE0 /* AllPostTableCellLayout.swift */,
				AA6474A22C82DD3B0079ECE0 /* PostCollectionViewCell.swift */,
			);
			path = Cell;
			sourceTree = "<group>";
		};
		AA64744A2C7B7C4E0079ECE0 /* MyMapView */ = {
			isa = PBXGroup;
			children = (
				AA64744B2C7B7C630079ECE0 /* MyMapViewController.swift */,
				AA64744D2C7BA0B80079ECE0 /* LocationManager.swift */,
			);
			path = MyMapView;
			sourceTree = "<group>";
		};
		AA6474572C7C46050079ECE0 /* MyFollersPost */ = {
			isa = PBXGroup;
			children = (
				AA6474582C7C462E0079ECE0 /* FollowersViewController.swift */,
				AA64745A2C7C467D0079ECE0 /* MyLikedPostsViewController.swift */,
				AA64745C2C7C46A50079ECE0 /* MyFollowingViewController.swift */,
				AA64745E2C7D430E0079ECE0 /* MyPostersViewController.swift */,
			);
			path = MyFollersPost;
			sourceTree = "<group>";
		};
		AA64747D2C7F34030079ECE0 /* AlbumView */ = {
			isa = PBXGroup;
			children = (
				AA6474792C7F18810079ECE0 /* TestPhoto.swift */,
				AA64747B2C7F29B80079ECE0 /* CarouselViewController.swift */,
			);
			path = AlbumView;
			sourceTree = "<group>";
		};
		AA64747E2C7F34180079ECE0 /* PayView */ = {
			isa = PBXGroup;
			children = (
				AA64747F2C7F343D0079ECE0 /* PayViewController.swift */,
			);
			path = PayView;
			sourceTree = "<group>";
		};
		AA64748F2C80C41D0079ECE0 /* Font */ = {
			isa = PBXGroup;
			children = (
				AA6474912C80C5C90079ECE0 /* omyu pretty.ttf */,
			);
			path = Font;
			sourceTree = "<group>";
		};
		AA64749B2C82D7510079ECE0 /* View */ = {
			isa = PBXGroup;
			children = (
				AA7273262C70FC0A007551C4 /* NameInputViewController.swift */,
				AA7273282C70FCA4007551C4 /* EmailInputViewController.swift */,
				AA72732B2C70FD18007551C4 /* PasswordInputViewController.swift */,
				AA7273312C71B3C1007551C4 /* WelcomeViewController.swift */,
			);
			path = View;
			sourceTree = "<group>";
		};
		AA64749C2C82D75A0079ECE0 /* Model */ = {
			isa = PBXGroup;
			children = (
				AA64749D2C82D77B0079ECE0 /* NameInputViewModel.swift */,
				AA64749F2C82D7A70079ECE0 /* PasswordInputViewModel.swift */,
			);
			path = Model;
			sourceTree = "<group>";
		};
		AA6474A12C82D7E20079ECE0 /* unused */ = {
			isa = PBXGroup;
			children = (
				AA72732D2C70FD85007551C4 /* PhoneNumberInputViewController.swift */,
				AA7273242C70FB7E007551C4 /* BirthdayInputViewController.swift */,
			);
			path = unused;
			sourceTree = "<group>";
		};
		AA7272A82C6C967C007551C4 = {
			isa = PBXGroup;
			children = (
				AA7272E12C6D861F007551C4 /* APIKey.swift */,
				AA7272DF2C6D860E007551C4 /* .gitignore */,
				AA0C87D82C7486D100C8A950 /* GoogleService-Info.plist */,
				AA7272B32C6C967C007551C4 /* MyUglyPet */,
				AA7272B22C6C967C007551C4 /* Products */,
			);
			sourceTree = "<group>";
		};
		AA7272B22C6C967C007551C4 /* Products */ = {
			isa = PBXGroup;
			children = (
				AA7272B12C6C967C007551C4 /* MyUglyPet.app */,
			);
			name = Products;
			sourceTree = "<group>";
		};
		AA7272B32C6C967C007551C4 /* MyUglyPet */ = {
			isa = PBXGroup;
			children = (
				AA64748F2C80C41D0079ECE0 /* Font */,
				AA7273432C71CC28007551C4 /* Lslp */,
				AA7273012C70286A007551C4 /* Animation */,
				AA7272C82C6C97E9007551C4 /* New Group */,
				AA7272B42C6C967C007551C4 /* AppDelegate.swift */,
				AA7272B62C6C967C007551C4 /* SceneDelegate.swift */,
				AA7272B82C6C967C007551C4 /* ViewController.swift */,
				AA7272BA2C6C967C007551C4 /* Main.storyboard */,
				AA7272BD2C6C967E007551C4 /* Assets.xcassets */,
				AA7272BF2C6C967E007551C4 /* LaunchScreen.storyboard */,
				AA7272C22C6C967E007551C4 /* Info.plist */,
			);
			path = MyUglyPet;
			sourceTree = "<group>";
		};
		AA7272C82C6C97E9007551C4 /* New Group */ = {
			isa = PBXGroup;
			children = (
				AA7273352C71B8FD007551C4 /* SetupScene.swift */,
				AA7273332C71B8AC007551C4 /* Protocol.swift */,
				AA7272EF2C6F3C15007551C4 /* CustomColors.swift */,
				AA7272CB2C6C98D5007551C4 /* TabBarController.swift */,
				AA7272E82C6DD8BF007551C4 /* View */,
				AA7272E32C6DC7D7007551C4 /* Cell */,
				AA6474932C80C6800079ECE0 /* CustomFonts.swift */,
			);
			path = "New Group";
			sourceTree = "<group>";
		};
		AA7272E32C6DC7D7007551C4 /* Cell */ = {
			isa = PBXGroup;
			children = (
				AA7273042C70403D007551C4 /* IndexMenuCollectionCell.swift */,
				AA7272E42C6DC7E2007551C4 /* CommentTableViewCell.swift */,
				AA7272E62C6DC83B007551C4 /* DetailPhotoCollectionViewCell.swift */,
			);
			path = Cell;
			sourceTree = "<group>";
		};
		AA7272E82C6DD8BF007551C4 /* View */ = {
			isa = PBXGroup;
			children = (
				AA64747E2C7F34180079ECE0 /* PayView */,
				AA64744A2C7B7C4E0079ECE0 /* MyMapView */,
				AA6474302C7B27260079ECE0 /* UglyCandidateView */,
				AA7273092C704145007551C4 /* HomeView */,
				AA7273072C704079007551C4 /* Gameview */,
				AA6474232C7A35650079ECE0 /* EditProfile */,
				AA72737E2C739784007551C4 /* DashboardView */,
				AA7273212C70F891007551C4 /* LoginView */,
				AA7273082C7040F1007551C4 /* ReadingPostView */,
				AA72730D2C705ED9007551C4 /* DetailPost */,
				AA7273062C704075007551C4 /* CreatePost */,
			);
			path = View;
			sourceTree = "<group>";
		};
		AA7272F62C6F85B2007551C4 /* Lottie */ = {
			isa = PBXGroup;
			children = (
				AA6474842C7F67F00079ECE0 /* catPawprint.json */,
				AA72731A2C7078D8007551C4 /* arrowup.json */,
				AA7272F12C6F82E1007551C4 /* LightEffectAnimation.json */,
				AA7272F72C6F8668007551C4 /* PinkLightEffect.json */,
				AA7272F92C6F923F007551C4 /* yellowani.json */,
				AA7272FB2C6F975D007551C4 /* Congratulation.json */,
			);
			path = Lottie;
			sourceTree = "<group>";
		};
		AA7273012C70286A007551C4 /* Animation */ = {
			isa = PBXGroup;
			children = (
				AA7273022C70287B007551C4 /* AnimationZip.swift */,
				AA7272F62C6F85B2007551C4 /* Lottie */,
			);
			path = Animation;
			sourceTree = "<group>";
		};
		AA7273062C704075007551C4 /* CreatePost */ = {
			isa = PBXGroup;
			children = (
				AA7272DD2C6CEE21007551C4 /* CreatePostViewController.swift */,
				AA6474402C7B38EF0079ECE0 /* CreatePostViewModel.swift */,
				AA7273592C71DA95007551C4 /* CreatePostViewLayout.swift */,
				AA64743E2C7B372A0079ECE0 /* NewPostUI.swift */,
				AA6474422C7B3E050079ECE0 /* CreatePostViewServerLogic.swift */,
			);
			path = CreatePost;
			sourceTree = "<group>";
		};
		AA7273072C704079007551C4 /* Gameview */ = {
			isa = PBXGroup;
			children = (
				AA7272EB2C6DECD6007551C4 /* GameViewController.swift */,
				AA7272ED2C6E637A007551C4 /* BaseGameView.swift */,
				AA6474332C7B29770079ECE0 /* GameViewAnimation.swift */,
				AA6474352C7B29FB0079ECE0 /* GameViewServerLogic.swift */,
				AA6474372C7B2BE90079ECE0 /* GameViewLayout.swift */,
			);
			path = Gameview;
			sourceTree = "<group>";
		};
		AA7273082C7040F1007551C4 /* ReadingPostView */ = {
			isa = PBXGroup;
			children = (
				AA7272C92C6C989D007551C4 /* AllPostHomeViewController.swift */,
				AA64743B2C7B31120079ECE0 /* Cell */,
			);
			path = ReadingPostView;
			sourceTree = "<group>";
		};
		AA7273092C704145007551C4 /* HomeView */ = {
			isa = PBXGroup;
			children = (
				AA7272E92C6DD8E9007551C4 /* MainHomeViewController.swift */,
				AA6474262C7B092D0079ECE0 /* MainHomeViewModel.swift */,
				AA64742A2C7B23600079ECE0 /* MainHomeUI.swift */,
				AA64742C2C7B23C50079ECE0 /* MainHomeViewLayout.swift */,
				AA6474212C7845050079ECE0 /* IntroUglyCandidateViewController.swift */,
			);
			path = HomeView;
			sourceTree = "<group>";
		};
		AA72730D2C705ED9007551C4 /* DetailPost */ = {
			isa = PBXGroup;
			children = (
				AA7272DB2C6CE55B007551C4 /* DetailViewController.swift */,
				AA6474992C82AAA00079ECE0 /* DetailViewNetwork.swift */,
				AA7272FD2C6FA138007551C4 /* BaseDetailView.swift */,
				AA7272FF2C6FAD75007551C4 /* DeepPhotoViewController.swift */,
				AA6474952C81E1C90079ECE0 /* EditPostViewController.swift */,
				AA6474972C829D960079ECE0 /* EditCommentViewController.swift */,
			);
			path = DetailPost;
			sourceTree = "<group>";
		};
		AA7273212C70F891007551C4 /* LoginView */ = {
			isa = PBXGroup;
			children = (
				AA7273662C71FFB7007551C4 /* MyLoginNetworkManager.swift */,
				AA7273222C70F8AC007551C4 /* LoginViewController.swift */,
				AA72732A2C70FCF7007551C4 /* SignUp */,
			);
			path = LoginView;
			sourceTree = "<group>";
		};
		AA72732A2C70FCF7007551C4 /* SignUp */ = {
			isa = PBXGroup;
			children = (
				AA64749B2C82D7510079ECE0 /* View */,
				AA64749C2C82D75A0079ECE0 /* Model */,
				AA6474A12C82D7E20079ECE0 /* unused */,
			);
			path = SignUp;
			sourceTree = "<group>";
		};
		AA7273432C71CC28007551C4 /* Lslp */ = {
			isa = PBXGroup;
			children = (
				AA72734C2C71CC6E007551C4 /* RequestModel */,
				AA7273532C71D032007551C4 /* Network */,
				AA7273472C71CC5D007551C4 /* ResponseModel */,
			);
			path = Lslp;
			sourceTree = "<group>";
		};
		AA7273472C71CC5D007551C4 /* ResponseModel */ = {
			isa = PBXGroup;
			children = (
				AA7273442C71CC5D007551C4 /* LoginModel.swift */,
				AA7273452C71CC5D007551C4 /* ProfileModel.swift */,
				AA7273462C71CC5D007551C4 /* RefreshModel.swift */,
			);
			path = ResponseModel;
			sourceTree = "<group>";
		};
		AA72734C2C71CC6E007551C4 /* RequestModel */ = {
			isa = PBXGroup;
			children = (
				AA72734B2C71CC6E007551C4 /* Query.swift */,
			);
			path = RequestModel;
			sourceTree = "<group>";
		};
		AA7273532C71D032007551C4 /* Network */ = {
			isa = PBXGroup;
			children = (
				AA72734E2C71D032007551C4 /* Header.swift */,
				AA72734F2C71D032007551C4 /* NetworkManager.swift */,
				AA7273512C71D032007551C4 /* TargetType.swift */,
				AA7273522C71D032007551C4 /* UserDefaultsManager.swift */,
				AA72736A2C72CDB7007551C4 /* PostNetworkManager.swift */,
				AA7273682C720420007551C4 /* Router.swift */,
			);
			path = Network;
			sourceTree = "<group>";
		};
		AA72737E2C739784007551C4 /* DashboardView */ = {
			isa = PBXGroup;
			children = (
				AA72737F2C7397BE007551C4 /* DashboardViewController.swift */,
				AA7273812C73A4D7007551C4 /* RankCollectionViewCell.swift */,
				AA7273832C73A4F6007551C4 /* MyBuddyCardCollectionViewCell.swift */,
				AA64741A2C760EBC0079ECE0 /* RankingCalculatorViewController.swift */,
				AA64747D2C7F34030079ECE0 /* AlbumView */,
			);
			path = DashboardView;
			sourceTree = "<group>";
		};
/* End PBXGroup section */

/* Begin PBXNativeTarget section */
		AA7272B02C6C967C007551C4 /* MyUglyPet */ = {
			isa = PBXNativeTarget;
			buildConfigurationList = AA7272C52C6C967E007551C4 /* Build configuration list for PBXNativeTarget "MyUglyPet" */;
			buildPhases = (
				AA7272AD2C6C967C007551C4 /* Sources */,
				AA7272AE2C6C967C007551C4 /* Frameworks */,
				AA7272AF2C6C967C007551C4 /* Resources */,
				AA72737B2C72F405007551C4 /* ShellScript */,
			);
			buildRules = (
			);
			dependencies = (
			);
			name = MyUglyPet;
			packageProductDependencies = (
				AA7272CE2C6CA082007551C4 /* SnapKit */,
				AA7272D12C6CA091007551C4 /* Alamofire */,
				AA7272D42C6CA099007551C4 /* Kingfisher */,
				AA7272D72C6CA0B0007551C4 /* RxCocoa */,
				AA7272D92C6CA0B0007551C4 /* RxSwift */,
				AA7272F42C6F8389007551C4 /* Lottie */,
				AA72731F2C70E03A007551C4 /* IQKeyboardManagerSwift */,
				AA7273762C72DBC3007551C4 /* FirebaseAnalyticsWithoutAdIdSupport */,
				AA7273782C72DBC3007551C4 /* FirebaseCrashlytics */,
				AA6474822C7F52370079ECE0 /* iamport-ios */,
			);
			productName = MyUglyPet;
			productReference = AA7272B12C6C967C007551C4 /* MyUglyPet.app */;
			productType = "com.apple.product-type.application";
		};
/* End PBXNativeTarget section */

/* Begin PBXProject section */
		AA7272A92C6C967C007551C4 /* Project object */ = {
			isa = PBXProject;
			attributes = {
				BuildIndependentTargetsInParallel = 1;
				LastSwiftUpdateCheck = 1540;
				LastUpgradeCheck = 1540;
				TargetAttributes = {
					AA7272B02C6C967C007551C4 = {
						CreatedOnToolsVersion = 15.4;
					};
				};
			};
			buildConfigurationList = AA7272AC2C6C967C007551C4 /* Build configuration list for PBXProject "MyUglyPet" */;
			compatibilityVersion = "Xcode 14.0";
			developmentRegion = en;
			hasScannedForEncodings = 0;
			knownRegions = (
				en,
				Base,
			);
			mainGroup = AA7272A82C6C967C007551C4;
			packageReferences = (
				AA7272CD2C6CA082007551C4 /* XCRemoteSwiftPackageReference "SnapKit" */,
				AA7272D02C6CA091007551C4 /* XCRemoteSwiftPackageReference "Alamofire" */,
				AA7272D32C6CA099007551C4 /* XCRemoteSwiftPackageReference "Kingfisher" */,
				AA7272D62C6CA0B0007551C4 /* XCRemoteSwiftPackageReference "RxSwift" */,
				AA7272F32C6F8388007551C4 /* XCRemoteSwiftPackageReference "lottie-ios" */,
				AA72731E2C70E03A007551C4 /* XCRemoteSwiftPackageReference "IQKeyboardManager" */,
				AA7273752C72DBC3007551C4 /* XCRemoteSwiftPackageReference "firebase-ios-sdk" */,
				AA6474812C7F52370079ECE0 /* XCRemoteSwiftPackageReference "iamport-ios" */,
			);
			productRefGroup = AA7272B22C6C967C007551C4 /* Products */;
			projectDirPath = "";
			projectRoot = "";
			targets = (
				AA7272B02C6C967C007551C4 /* MyUglyPet */,
			);
		};
/* End PBXProject section */

/* Begin PBXResourcesBuildPhase section */
		AA7272AF2C6C967C007551C4 /* Resources */ = {
			isa = PBXResourcesBuildPhase;
			buildActionMask = 2147483647;
			files = (
				AA7272FA2C6F923F007551C4 /* yellowani.json in Resources */,
				AA7272F82C6F8668007551C4 /* PinkLightEffect.json in Resources */,
				AA7272E02C6D860E007551C4 /* .gitignore in Resources */,
				AA7272BE2C6C967E007551C4 /* Assets.xcassets in Resources */,
				AA72731B2C7078D9007551C4 /* arrowup.json in Resources */,
				AA7272F22C6F82E2007551C4 /* LightEffectAnimation.json in Resources */,
				AA7272FC2C6F975D007551C4 /* Congratulation.json in Resources */,
				AA0C87D92C7486D100C8A950 /* GoogleService-Info.plist in Resources */,
				AA7272C12C6C967E007551C4 /* Base in Resources */,
				AA6474922C80C5C90079ECE0 /* omyu pretty.ttf in Resources */,
				AA7272BC2C6C967C007551C4 /* Base in Resources */,
				AA6474852C7F67F00079ECE0 /* catPawprint.json in Resources */,
			);
			runOnlyForDeploymentPostprocessing = 0;
		};
/* End PBXResourcesBuildPhase section */

/* Begin PBXShellScriptBuildPhase section */
		AA72737B2C72F405007551C4 /* ShellScript */ = {
			isa = PBXShellScriptBuildPhase;
			buildActionMask = 2147483647;
			files = (
			);
			inputFileListPaths = (
			);
			inputPaths = (
				"${DWARF_DSYM_FOLDER_PATH}/${DWARF_DSYM_FILE_NAME}",
				"${DWARF_DSYM_FOLDER_PATH}/${DWARF_DSYM_FILE_NAME}/Contents/Resources/DWARF/${PRODUCT_NAME}",
				"${DWARF_DSYM_FOLDER_PATH}/${DWARF_DSYM_FILE_NAME}/Contents/Info.plist",
				"$(TARGET_BUILD_DIR)/$(UNLOCALIZED_RESOURCES_FOLDER_PATH)/GoogleService-Info.plist",
				"$(TARGET_BUILD_DIR)/$(EXECUTABLE_PATH)",
			);
			outputFileListPaths = (
			);
			outputPaths = (
			);
			runOnlyForDeploymentPostprocessing = 0;
			shellPath = /bin/sh;
			shellScript = "# Type a script or drag a script file from your workspace to insert its path.\n\"${BUILD_DIR%/Build/*}/SourcePackages/checkouts/firebase-ios-sdk/Crashlytics/run\"\n";
		};
/* End PBXShellScriptBuildPhase section */

/* Begin PBXSourcesBuildPhase section */
		AA7272AD2C6C967C007551C4 /* Sources */ = {
			isa = PBXSourcesBuildPhase;
			buildActionMask = 2147483647;
			files = (
				AA6474272C7B092D0079ECE0 /* MainHomeViewModel.swift in Sources */,
				AA6474452C7B42D30079ECE0 /* exam.swift in Sources */,
				AA7273692C720420007551C4 /* Router.swift in Sources */,
				AA7273552C71D032007551C4 /* NetworkManager.swift in Sources */,
				AA7272B92C6C967C007551C4 /* ViewController.swift in Sources */,
				AA72732E2C70FD85007551C4 /* PhoneNumberInputViewController.swift in Sources */,
				AA64749E2C82D77B0079ECE0 /* NameInputViewModel.swift in Sources */,
				AA6474592C7C462F0079ECE0 /* FollowersViewController.swift in Sources */,
				AA7272B52C6C967C007551C4 /* AppDelegate.swift in Sources */,
				AA6474962C81E1C90079ECE0 /* EditPostViewController.swift in Sources */,
				AA64742D2C7B23C50079ECE0 /* MainHomeViewLayout.swift in Sources */,
				AA7272F02C6F3C15007551C4 /* CustomColors.swift in Sources */,
				AA7273232C70F8AC007551C4 /* LoginViewController.swift in Sources */,
				AA64744E2C7BA0B80079ECE0 /* LocationManager.swift in Sources */,
				AA7272E22C6D861F007551C4 /* APIKey.swift in Sources */,
				AA7273822C73A4D7007551C4 /* RankCollectionViewCell.swift in Sources */,
				AA7273802C7397BE007551C4 /* DashboardViewController.swift in Sources */,
				AA72736B2C72CDB8007551C4 /* PostNetworkManager.swift in Sources */,
				AA7272B72C6C967C007551C4 /* SceneDelegate.swift in Sources */,
				AA7273672C71FFB7007551C4 /* MyLoginNetworkManager.swift in Sources */,
				AA7273572C71D032007551C4 /* TargetType.swift in Sources */,
				AA7272EC2C6DECD6007551C4 /* GameViewController.swift in Sources */,
				AA7272E52C6DC7E2007551C4 /* CommentTableViewCell.swift in Sources */,
				AA7272DE2C6CEE21007551C4 /* CreatePostViewController.swift in Sources */,
				AA7273542C71D032007551C4 /* Header.swift in Sources */,
				AA64741B2C760EBC0079ECE0 /* RankingCalculatorViewController.swift in Sources */,
				AA7272FE2C6FA138007551C4 /* BaseDetailView.swift in Sources */,
				AA6474942C80C6800079ECE0 /* CustomFonts.swift in Sources */,
				AA64744C2C7B7C630079ECE0 /* MyMapViewController.swift in Sources */,
				AA7272EE2C6E637A007551C4 /* BaseGameView.swift in Sources */,
				AA7273482C71CC5D007551C4 /* LoginModel.swift in Sources */,
				AA6474322C7B275E0079ECE0 /* UglyCandidateLayout.swift in Sources */,
				AA64745F2C7D430E0079ECE0 /* MyPostersViewController.swift in Sources */,
				AA6474382C7B2BE90079ECE0 /* GameViewLayout.swift in Sources */,
				AA7273322C71B3C1007551C4 /* WelcomeViewController.swift in Sources */,
				AA7273492C71CC5D007551C4 /* ProfileModel.swift in Sources */,
				AA6474412C7B38EF0079ECE0 /* CreatePostViewModel.swift in Sources */,
				AA64743A2C7B2FC20079ECE0 /* AllPostTableCellLayout.swift in Sources */,
				AA72734D2C71CC6E007551C4 /* Query.swift in Sources */,
				AA7273032C70287B007551C4 /* AnimationZip.swift in Sources */,
				AA7273272C70FC0A007551C4 /* NameInputViewController.swift in Sources */,
				AA7273052C70403D007551C4 /* IndexMenuCollectionCell.swift in Sources */,
				AA64743F2C7B372A0079ECE0 /* NewPostUI.swift in Sources */,
				AA64742B2C7B23600079ECE0 /* MainHomeUI.swift in Sources */,
				AA72731D2C70880C007551C4 /* AllPostTableViewCell.swift in Sources */,
				AA6474982C829D960079ECE0 /* EditCommentViewController.swift in Sources */,
				AA6474492C7B69BE0079ECE0 /* EditProfileUI.swift in Sources */,
				AA0C87DB2C74D75B00C8A950 /* UglyCandidateViewController.swift in Sources */,
				AA7272DC2C6CE55B007551C4 /* DetailViewController.swift in Sources */,
				AA72732C2C70FD18007551C4 /* PasswordInputViewController.swift in Sources */,
				AA7272CC2C6C98D6007551C4 /* TabBarController.swift in Sources */,
				AA6474472C7B672A0079ECE0 /* EditProfileViewLayout.swift in Sources */,
				AA6474A32C82DD3B0079ECE0 /* PostCollectionViewCell.swift in Sources */,
				AA7273582C71D032007551C4 /* UserDefaultsManager.swift in Sources */,
				AA6474362C7B29FB0079ECE0 /* GameViewServerLogic.swift in Sources */,
				AA7272EA2C6DD8E9007551C4 /* MainHomeViewController.swift in Sources */,
				AA7272E72C6DC83B007551C4 /* DetailPhotoCollectionViewCell.swift in Sources */,
				AA7272CA2C6C989D007551C4 /* AllPostHomeViewController.swift in Sources */,
				AA64745D2C7C46A50079ECE0 /* MyFollowingViewController.swift in Sources */,
				AA72734A2C71CC5D007551C4 /* RefreshModel.swift in Sources */,
				AA7273252C70FB7E007551C4 /* BirthdayInputViewController.swift in Sources */,
				AA6474432C7B3E050079ECE0 /* CreatePostViewServerLogic.swift in Sources */,
				AA7273362C71B8FD007551C4 /* SetupScene.swift in Sources */,
				AA72735A2C71DA95007551C4 /* CreatePostViewLayout.swift in Sources */,
				AA64745B2C7C467D0079ECE0 /* MyLikedPostsViewController.swift in Sources */,
				AA6474342C7B29770079ECE0 /* GameViewAnimation.swift in Sources */,
				AA64742F2C7B26FC0079ECE0 /* UglyCandidateUI.swift in Sources */,
				AA7273292C70FCA4007551C4 /* EmailInputViewController.swift in Sources */,
				AA6474292C7B11A90079ECE0 /* UglyCandidateViewModel.swift in Sources */,
				AA64747A2C7F18810079ECE0 /* TestPhoto.swift in Sources */,
				AA6474222C7845050079ECE0 /* IntroUglyCandidateViewController.swift in Sources */,
				AA64747C2C7F29B80079ECE0 /* CarouselViewController.swift in Sources */,
				AA6474802C7F343D0079ECE0 /* PayViewController.swift in Sources */,
				AA7273342C71B8AC007551C4 /* Protocol.swift in Sources */,
				AA7273002C6FAD75007551C4 /* DeepPhotoViewController.swift in Sources */,
				AA6474A02C82D7A70079ECE0 /* PasswordInputViewModel.swift in Sources */,
				AA6474252C7A35810079ECE0 /* EditProfileViewController.swift in Sources */,
				AA64749A2C82AAA00079ECE0 /* DetailViewNetwork.swift in Sources */,
				AA7273842C73A4F6007551C4 /* MyBuddyCardCollectionViewCell.swift in Sources */,
			);
			runOnlyForDeploymentPostprocessing = 0;
		};
/* End PBXSourcesBuildPhase section */

/* Begin PBXVariantGroup section */
		AA7272BA2C6C967C007551C4 /* Main.storyboard */ = {
			isa = PBXVariantGroup;
			children = (
				AA7272BB2C6C967C007551C4 /* Base */,
			);
			name = Main.storyboard;
			sourceTree = "<group>";
		};
		AA7272BF2C6C967E007551C4 /* LaunchScreen.storyboard */ = {
			isa = PBXVariantGroup;
			children = (
				AA7272C02C6C967E007551C4 /* Base */,
			);
			name = LaunchScreen.storyboard;
			sourceTree = "<group>";
		};
/* End PBXVariantGroup section */

/* Begin XCBuildConfiguration section */
		AA7272C32C6C967E007551C4 /* Debug */ = {
			isa = XCBuildConfiguration;
			buildSettings = {
				ALWAYS_SEARCH_USER_PATHS = NO;
				ASSETCATALOG_COMPILER_GENERATE_SWIFT_ASSET_SYMBOL_EXTENSIONS = YES;
				CLANG_ANALYZER_NONNULL = YES;
				CLANG_ANALYZER_NUMBER_OBJECT_CONVERSION = YES_AGGRESSIVE;
				CLANG_CXX_LANGUAGE_STANDARD = "gnu++20";
				CLANG_ENABLE_MODULES = YES;
				CLANG_ENABLE_OBJC_ARC = YES;
				CLANG_ENABLE_OBJC_WEAK = YES;
				CLANG_WARN_BLOCK_CAPTURE_AUTORELEASING = YES;
				CLANG_WARN_BOOL_CONVERSION = YES;
				CLANG_WARN_COMMA = YES;
				CLANG_WARN_CONSTANT_CONVERSION = YES;
				CLANG_WARN_DEPRECATED_OBJC_IMPLEMENTATIONS = YES;
				CLANG_WARN_DIRECT_OBJC_ISA_USAGE = YES_ERROR;
				CLANG_WARN_DOCUMENTATION_COMMENTS = YES;
				CLANG_WARN_EMPTY_BODY = YES;
				CLANG_WARN_ENUM_CONVERSION = YES;
				CLANG_WARN_INFINITE_RECURSION = YES;
				CLANG_WARN_INT_CONVERSION = YES;
				CLANG_WARN_NON_LITERAL_NULL_CONVERSION = YES;
				CLANG_WARN_OBJC_IMPLICIT_RETAIN_SELF = YES;
				CLANG_WARN_OBJC_LITERAL_CONVERSION = YES;
				CLANG_WARN_OBJC_ROOT_CLASS = YES_ERROR;
				CLANG_WARN_QUOTED_INCLUDE_IN_FRAMEWORK_HEADER = YES;
				CLANG_WARN_RANGE_LOOP_ANALYSIS = YES;
				CLANG_WARN_STRICT_PROTOTYPES = YES;
				CLANG_WARN_SUSPICIOUS_MOVE = YES;
				CLANG_WARN_UNGUARDED_AVAILABILITY = YES_AGGRESSIVE;
				CLANG_WARN_UNREACHABLE_CODE = YES;
				CLANG_WARN__DUPLICATE_METHOD_MATCH = YES;
				COPY_PHASE_STRIP = NO;
				DEBUG_INFORMATION_FORMAT = dwarf;
				ENABLE_STRICT_OBJC_MSGSEND = YES;
				ENABLE_TESTABILITY = YES;
				ENABLE_USER_SCRIPT_SANDBOXING = YES;
				GCC_C_LANGUAGE_STANDARD = gnu17;
				GCC_DYNAMIC_NO_PIC = NO;
				GCC_NO_COMMON_BLOCKS = YES;
				GCC_OPTIMIZATION_LEVEL = 0;
				GCC_PREPROCESSOR_DEFINITIONS = (
					"DEBUG=1",
					"$(inherited)",
				);
				GCC_WARN_64_TO_32_BIT_CONVERSION = YES;
				GCC_WARN_ABOUT_RETURN_TYPE = YES_ERROR;
				GCC_WARN_UNDECLARED_SELECTOR = YES;
				GCC_WARN_UNINITIALIZED_AUTOS = YES_AGGRESSIVE;
				GCC_WARN_UNUSED_FUNCTION = YES;
				GCC_WARN_UNUSED_VARIABLE = YES;
				IPHONEOS_DEPLOYMENT_TARGET = 17.5;
				LOCALIZATION_PREFERS_STRING_CATALOGS = YES;
				MTL_ENABLE_DEBUG_INFO = INCLUDE_SOURCE;
				MTL_FAST_MATH = YES;
				ONLY_ACTIVE_ARCH = YES;
				SDKROOT = iphoneos;
				SWIFT_ACTIVE_COMPILATION_CONDITIONS = "DEBUG $(inherited)";
				SWIFT_OPTIMIZATION_LEVEL = "-Onone";
			};
			name = Debug;
		};
		AA7272C42C6C967E007551C4 /* Release */ = {
			isa = XCBuildConfiguration;
			buildSettings = {
				ALWAYS_SEARCH_USER_PATHS = NO;
				ASSETCATALOG_COMPILER_GENERATE_SWIFT_ASSET_SYMBOL_EXTENSIONS = YES;
				CLANG_ANALYZER_NONNULL = YES;
				CLANG_ANALYZER_NUMBER_OBJECT_CONVERSION = YES_AGGRESSIVE;
				CLANG_CXX_LANGUAGE_STANDARD = "gnu++20";
				CLANG_ENABLE_MODULES = YES;
				CLANG_ENABLE_OBJC_ARC = YES;
				CLANG_ENABLE_OBJC_WEAK = YES;
				CLANG_WARN_BLOCK_CAPTURE_AUTORELEASING = YES;
				CLANG_WARN_BOOL_CONVERSION = YES;
				CLANG_WARN_COMMA = YES;
				CLANG_WARN_CONSTANT_CONVERSION = YES;
				CLANG_WARN_DEPRECATED_OBJC_IMPLEMENTATIONS = YES;
				CLANG_WARN_DIRECT_OBJC_ISA_USAGE = YES_ERROR;
				CLANG_WARN_DOCUMENTATION_COMMENTS = YES;
				CLANG_WARN_EMPTY_BODY = YES;
				CLANG_WARN_ENUM_CONVERSION = YES;
				CLANG_WARN_INFINITE_RECURSION = YES;
				CLANG_WARN_INT_CONVERSION = YES;
				CLANG_WARN_NON_LITERAL_NULL_CONVERSION = YES;
				CLANG_WARN_OBJC_IMPLICIT_RETAIN_SELF = YES;
				CLANG_WARN_OBJC_LITERAL_CONVERSION = YES;
				CLANG_WARN_OBJC_ROOT_CLASS = YES_ERROR;
				CLANG_WARN_QUOTED_INCLUDE_IN_FRAMEWORK_HEADER = YES;
				CLANG_WARN_RANGE_LOOP_ANALYSIS = YES;
				CLANG_WARN_STRICT_PROTOTYPES = YES;
				CLANG_WARN_SUSPICIOUS_MOVE = YES;
				CLANG_WARN_UNGUARDED_AVAILABILITY = YES_AGGRESSIVE;
				CLANG_WARN_UNREACHABLE_CODE = YES;
				CLANG_WARN__DUPLICATE_METHOD_MATCH = YES;
				COPY_PHASE_STRIP = NO;
				DEBUG_INFORMATION_FORMAT = "dwarf-with-dsym";
				ENABLE_NS_ASSERTIONS = NO;
				ENABLE_STRICT_OBJC_MSGSEND = YES;
				ENABLE_USER_SCRIPT_SANDBOXING = YES;
				GCC_C_LANGUAGE_STANDARD = gnu17;
				GCC_NO_COMMON_BLOCKS = YES;
				GCC_WARN_64_TO_32_BIT_CONVERSION = YES;
				GCC_WARN_ABOUT_RETURN_TYPE = YES_ERROR;
				GCC_WARN_UNDECLARED_SELECTOR = YES;
				GCC_WARN_UNINITIALIZED_AUTOS = YES_AGGRESSIVE;
				GCC_WARN_UNUSED_FUNCTION = YES;
				GCC_WARN_UNUSED_VARIABLE = YES;
				IPHONEOS_DEPLOYMENT_TARGET = 17.5;
				LOCALIZATION_PREFERS_STRING_CATALOGS = YES;
				MTL_ENABLE_DEBUG_INFO = NO;
				MTL_FAST_MATH = YES;
				SDKROOT = iphoneos;
				SWIFT_COMPILATION_MODE = wholemodule;
				VALIDATE_PRODUCT = YES;
			};
			name = Release;
		};
		AA7272C62C6C967E007551C4 /* Debug */ = {
			isa = XCBuildConfiguration;
			buildSettings = {
				ASSETCATALOG_COMPILER_APPICON_NAME = AppIcon;
				ASSETCATALOG_COMPILER_GLOBAL_ACCENT_COLOR_NAME = AccentColor;
				CODE_SIGN_STYLE = Automatic;
				CURRENT_PROJECT_VERSION = 1;
				DEBUG_INFORMATION_FORMAT = "dwarf-with-dsym";
				DEVELOPMENT_TEAM = 4KLMMMFY4D;
				GENERATE_INFOPLIST_FILE = YES;
				INFOPLIST_FILE = MyUglyPet/Info.plist;
				INFOPLIST_KEY_CFBundleDisplayName = "냥멍난이";
				INFOPLIST_KEY_UIApplicationSupportsIndirectInputEvents = YES;
				INFOPLIST_KEY_UILaunchStoryboardName = LaunchScreen;
				INFOPLIST_KEY_UIMainStoryboardFile = Main;
				INFOPLIST_KEY_UISupportedInterfaceOrientations = UIInterfaceOrientationPortrait;
				INFOPLIST_KEY_UISupportedInterfaceOrientations_iPad = "UIInterfaceOrientationLandscapeLeft UIInterfaceOrientationLandscapeRight UIInterfaceOrientationPortrait UIInterfaceOrientationPortraitUpsideDown";
				LD_RUNPATH_SEARCH_PATHS = (
					"$(inherited)",
					"@executable_path/Frameworks",
				);
				MARKETING_VERSION = 1.0;
				OTHER_LDFLAGS = "-ObjC";
				PRODUCT_BUNDLE_IDENTIFIER = com.acasia.MyUglyPet;
				PRODUCT_NAME = "$(TARGET_NAME)";
				SUPPORTED_PLATFORMS = "iphoneos iphonesimulator";
				SUPPORTS_MACCATALYST = NO;
				SUPPORTS_MAC_DESIGNED_FOR_IPHONE_IPAD = NO;
				SUPPORTS_XR_DESIGNED_FOR_IPHONE_IPAD = NO;
				SWIFT_EMIT_LOC_STRINGS = YES;
				SWIFT_VERSION = 5.0;
				TARGETED_DEVICE_FAMILY = 1;
			};
			name = Debug;
		};
		AA7272C72C6C967E007551C4 /* Release */ = {
			isa = XCBuildConfiguration;
			buildSettings = {
				ASSETCATALOG_COMPILER_APPICON_NAME = AppIcon;
				ASSETCATALOG_COMPILER_GLOBAL_ACCENT_COLOR_NAME = AccentColor;
				CODE_SIGN_STYLE = Automatic;
				CURRENT_PROJECT_VERSION = 1;
				DEVELOPMENT_TEAM = 4KLMMMFY4D;
				GENERATE_INFOPLIST_FILE = YES;
				INFOPLIST_FILE = MyUglyPet/Info.plist;
				INFOPLIST_KEY_CFBundleDisplayName = "냥멍난이";
				INFOPLIST_KEY_UIApplicationSupportsIndirectInputEvents = YES;
				INFOPLIST_KEY_UILaunchStoryboardName = LaunchScreen;
				INFOPLIST_KEY_UIMainStoryboardFile = Main;
				INFOPLIST_KEY_UISupportedInterfaceOrientations = UIInterfaceOrientationPortrait;
				INFOPLIST_KEY_UISupportedInterfaceOrientations_iPad = "UIInterfaceOrientationLandscapeLeft UIInterfaceOrientationLandscapeRight UIInterfaceOrientationPortrait UIInterfaceOrientationPortraitUpsideDown";
				LD_RUNPATH_SEARCH_PATHS = (
					"$(inherited)",
					"@executable_path/Frameworks",
				);
				MARKETING_VERSION = 1.0;
				OTHER_LDFLAGS = "-ObjC";
				PRODUCT_BUNDLE_IDENTIFIER = com.acasia.MyUglyPet;
				PRODUCT_NAME = "$(TARGET_NAME)";
				SUPPORTED_PLATFORMS = "iphoneos iphonesimulator";
				SUPPORTS_MACCATALYST = NO;
				SUPPORTS_MAC_DESIGNED_FOR_IPHONE_IPAD = NO;
				SUPPORTS_XR_DESIGNED_FOR_IPHONE_IPAD = NO;
				SWIFT_EMIT_LOC_STRINGS = YES;
				SWIFT_VERSION = 5.0;
				TARGETED_DEVICE_FAMILY = 1;
			};
			name = Release;
		};
/* End XCBuildConfiguration section */

/* Begin XCConfigurationList section */
		AA7272AC2C6C967C007551C4 /* Build configuration list for PBXProject "MyUglyPet" */ = {
			isa = XCConfigurationList;
			buildConfigurations = (
				AA7272C32C6C967E007551C4 /* Debug */,
				AA7272C42C6C967E007551C4 /* Release */,
			);
			defaultConfigurationIsVisible = 0;
			defaultConfigurationName = Release;
		};
		AA7272C52C6C967E007551C4 /* Build configuration list for PBXNativeTarget "MyUglyPet" */ = {
			isa = XCConfigurationList;
			buildConfigurations = (
				AA7272C62C6C967E007551C4 /* Debug */,
				AA7272C72C6C967E007551C4 /* Release */,
			);
			defaultConfigurationIsVisible = 0;
			defaultConfigurationName = Release;
		};
/* End XCConfigurationList section */

/* Begin XCRemoteSwiftPackageReference section */
		AA6474812C7F52370079ECE0 /* XCRemoteSwiftPackageReference "iamport-ios" */ = {
			isa = XCRemoteSwiftPackageReference;
			repositoryURL = "https://github.com/iamport/iamport-ios.git";
			requirement = {
				kind = upToNextMajorVersion;
				minimumVersion = 1.4.2;
			};
		};
		AA7272CD2C6CA082007551C4 /* XCRemoteSwiftPackageReference "SnapKit" */ = {
			isa = XCRemoteSwiftPackageReference;
			repositoryURL = "https://github.com/SnapKit/SnapKit.git";
			requirement = {
				kind = upToNextMajorVersion;
				minimumVersion = 5.7.1;
			};
		};
		AA7272D02C6CA091007551C4 /* XCRemoteSwiftPackageReference "Alamofire" */ = {
			isa = XCRemoteSwiftPackageReference;
			repositoryURL = "https://github.com/Alamofire/Alamofire.git";
			requirement = {
				kind = upToNextMajorVersion;
				minimumVersion = 5.9.1;
			};
		};
		AA7272D32C6CA099007551C4 /* XCRemoteSwiftPackageReference "Kingfisher" */ = {
			isa = XCRemoteSwiftPackageReference;
			repositoryURL = "https://github.com/onevcat/Kingfisher.git";
			requirement = {
				kind = upToNextMajorVersion;
				minimumVersion = 7.12.0;
			};
		};
		AA7272D62C6CA0B0007551C4 /* XCRemoteSwiftPackageReference "RxSwift" */ = {
			isa = XCRemoteSwiftPackageReference;
			repositoryURL = "https://github.com/ReactiveX/RxSwift.git";
			requirement = {
				kind = upToNextMajorVersion;
				minimumVersion = 6.7.1;
			};
		};
		AA7272F32C6F8388007551C4 /* XCRemoteSwiftPackageReference "lottie-ios" */ = {
			isa = XCRemoteSwiftPackageReference;
			repositoryURL = "https://github.com/airbnb/lottie-ios.git";
			requirement = {
				kind = upToNextMajorVersion;
				minimumVersion = 4.5.0;
			};
		};
		AA72731E2C70E03A007551C4 /* XCRemoteSwiftPackageReference "IQKeyboardManager" */ = {
			isa = XCRemoteSwiftPackageReference;
			repositoryURL = "https://github.com/hackiftekhar/IQKeyboardManager.git";
			requirement = {
				kind = upToNextMajorVersion;
				minimumVersion = 7.1.1;
			};
		};
		AA7273752C72DBC3007551C4 /* XCRemoteSwiftPackageReference "firebase-ios-sdk" */ = {
			isa = XCRemoteSwiftPackageReference;
			repositoryURL = "https://github.com/firebase/firebase-ios-sdk";
			requirement = {
				kind = upToNextMajorVersion;
				minimumVersion = 11.0.0;
			};
		};
/* End XCRemoteSwiftPackageReference section */

/* Begin XCSwiftPackageProductDependency section */
		AA6474822C7F52370079ECE0 /* iamport-ios */ = {
			isa = XCSwiftPackageProductDependency;
			package = AA6474812C7F52370079ECE0 /* XCRemoteSwiftPackageReference "iamport-ios" */;
			productName = "iamport-ios";
		};
		AA7272CE2C6CA082007551C4 /* SnapKit */ = {
			isa = XCSwiftPackageProductDependency;
			package = AA7272CD2C6CA082007551C4 /* XCRemoteSwiftPackageReference "SnapKit" */;
			productName = SnapKit;
		};
		AA7272D12C6CA091007551C4 /* Alamofire */ = {
			isa = XCSwiftPackageProductDependency;
			package = AA7272D02C6CA091007551C4 /* XCRemoteSwiftPackageReference "Alamofire" */;
			productName = Alamofire;
		};
		AA7272D42C6CA099007551C4 /* Kingfisher */ = {
			isa = XCSwiftPackageProductDependency;
			package = AA7272D32C6CA099007551C4 /* XCRemoteSwiftPackageReference "Kingfisher" */;
			productName = Kingfisher;
		};
		AA7272D72C6CA0B0007551C4 /* RxCocoa */ = {
			isa = XCSwiftPackageProductDependency;
			package = AA7272D62C6CA0B0007551C4 /* XCRemoteSwiftPackageReference "RxSwift" */;
			productName = RxCocoa;
		};
		AA7272D92C6CA0B0007551C4 /* RxSwift */ = {
			isa = XCSwiftPackageProductDependency;
			package = AA7272D62C6CA0B0007551C4 /* XCRemoteSwiftPackageReference "RxSwift" */;
			productName = RxSwift;
		};
		AA7272F42C6F8389007551C4 /* Lottie */ = {
			isa = XCSwiftPackageProductDependency;
			package = AA7272F32C6F8388007551C4 /* XCRemoteSwiftPackageReference "lottie-ios" */;
			productName = Lottie;
		};
		AA72731F2C70E03A007551C4 /* IQKeyboardManagerSwift */ = {
			isa = XCSwiftPackageProductDependency;
			package = AA72731E2C70E03A007551C4 /* XCRemoteSwiftPackageReference "IQKeyboardManager" */;
			productName = IQKeyboardManagerSwift;
		};
		AA7273762C72DBC3007551C4 /* FirebaseAnalyticsWithoutAdIdSupport */ = {
			isa = XCSwiftPackageProductDependency;
			package = AA7273752C72DBC3007551C4 /* XCRemoteSwiftPackageReference "firebase-ios-sdk" */;
			productName = FirebaseAnalyticsWithoutAdIdSupport;
		};
		AA7273782C72DBC3007551C4 /* FirebaseCrashlytics */ = {
			isa = XCSwiftPackageProductDependency;
			package = AA7273752C72DBC3007551C4 /* XCRemoteSwiftPackageReference "firebase-ios-sdk" */;
			productName = FirebaseCrashlytics;
		};
/* End XCSwiftPackageProductDependency section */
	};
	rootObject = AA7272A92C6C967C007551C4 /* Project object */;
}
